{
    "_readme": [
        "This file locks the dependencies of your project to a known state",
        "Read more about it at http://getcomposer.org/doc/01-basic-usage.md#composer-lock-the-lock-file"
    ],
    "hash": "7670d15a3b6154fc1e4e2f59a45328c7",
    "packages": [
        {
            "name": "illuminate/container",
            "version": "v4.1.23",
            "target-dir": "Illuminate/Container",
            "source": {
                "type": "git",
                "url": "https://github.com/illuminate/container.git",
                "reference": "80383d49aa1c31f36c95abe582eb8fc779a996fc"
            },
            "dist": {
                "type": "zip",
                "url": "https://api.github.com/repos/illuminate/container/zipball/80383d49aa1c31f36c95abe582eb8fc779a996fc",
                "reference": "80383d49aa1c31f36c95abe582eb8fc779a996fc",
                "shasum": ""
            },
            "require": {
                "php": ">=5.3.0"
            },
            "require-dev": {
                "phpunit/phpunit": "3.7.*"
            },
            "type": "library",
            "extra": {
                "branch-alias": {
                    "dev-master": "4.1-dev"
                }
            },
            "autoload": {
                "psr-0": {
                    "Illuminate\\Container": ""
                }
            },
            "notification-url": "https://packagist.org/downloads/",
            "license": [
                "MIT"
            ],
            "authors": [
                {
                    "name": "Taylor Otwell",
                    "email": "taylorotwell@gmail.com",
                    "homepage": "https://github.com/taylorotwell",
                    "role": "Developer"
                }
            ],
            "time": "2014-02-26 18:55:58"
        },
        {
            "name": "illuminate/database",
            "version": "v4.1.23",
            "target-dir": "Illuminate/Database",
            "source": {
                "type": "git",
                "url": "https://github.com/illuminate/database.git",
                "reference": "d695cb6fa8d05501ba402e16d63fce77b5f29f69"
            },
            "dist": {
                "type": "zip",
                "url": "https://api.github.com/repos/illuminate/database/zipball/d695cb6fa8d05501ba402e16d63fce77b5f29f69",
                "reference": "d695cb6fa8d05501ba402e16d63fce77b5f29f69",
                "shasum": ""
            },
            "require": {
                "illuminate/container": "4.1.*",
                "illuminate/events": "4.1.*",
                "illuminate/support": "4.1.*",
                "nesbot/carbon": "1.*",
                "php": ">=5.3.0"
            },
            "require-dev": {
                "illuminate/cache": "4.1.*",
                "illuminate/console": "4.1.*",
                "illuminate/filesystem": "4.1.*",
                "illuminate/pagination": "4.1.*",
                "illuminate/support": "4.1.*",
                "mockery/mockery": "0.9.*",
                "phpunit/phpunit": "3.7.*"
            },
            "type": "library",
            "extra": {
                "branch-alias": {
                    "dev-master": "4.1-dev"
                }
            },
            "autoload": {
                "psr-0": {
                    "Illuminate\\Database": ""
                }
            },
            "notification-url": "https://packagist.org/downloads/",
            "license": [
                "MIT"
            ],
            "authors": [
                {
                    "name": "Taylor Otwell",
                    "email": "taylorotwell@gmail.com",
                    "homepage": "https://github.com/taylorotwell",
                    "role": "Developer"
                }
            ],
            "keywords": [
                "database",
                "laravel",
                "orm",
                "sql"
            ],
            "time": "2014-02-28 20:28:45"
        },
        {
            "name": "illuminate/events",
            "version": "v4.1.23",
            "target-dir": "Illuminate/Events",
            "source": {
                "type": "git",
                "url": "https://github.com/illuminate/events.git",
                "reference": "357150eeb29fb9248e0c5fd464098955a61dcbcc"
            },
            "dist": {
                "type": "zip",
                "url": "https://api.github.com/repos/illuminate/events/zipball/357150eeb29fb9248e0c5fd464098955a61dcbcc",
                "reference": "357150eeb29fb9248e0c5fd464098955a61dcbcc",
                "shasum": ""
            },
            "require": {
                "illuminate/container": "4.1.*",
                "illuminate/support": "4.1.*",
                "php": ">=5.3.0"
            },
            "require-dev": {
                "mockery/mockery": "0.9.*",
                "phpunit/phpunit": "3.7.*"
            },
            "type": "library",
            "extra": {
                "branch-alias": {
                    "dev-master": "4.1-dev"
                }
            },
            "autoload": {
                "psr-0": {
                    "Illuminate\\Events": ""
                }
            },
            "notification-url": "https://packagist.org/downloads/",
            "license": [
                "MIT"
            ],
            "authors": [
                {
                    "name": "Taylor Otwell",
                    "email": "taylorotwell@gmail.com",
                    "homepage": "https://github.com/taylorotwell",
                    "role": "Developer"
                }
            ],
            "time": "2014-02-15 09:27:21"
        },
        {
            "name": "illuminate/support",
            "version": "v4.1.23",
            "target-dir": "Illuminate/Support",
            "source": {
                "type": "git",
                "url": "https://github.com/illuminate/support.git",
                "reference": "3134bebb9997be4963b320da8b7db2752d7cb937"
            },
            "dist": {
                "type": "zip",
                "url": "https://api.github.com/repos/illuminate/support/zipball/3134bebb9997be4963b320da8b7db2752d7cb937",
                "reference": "3134bebb9997be4963b320da8b7db2752d7cb937",
                "shasum": ""
            },
            "require": {
                "php": ">=5.3.0"
            },
            "require-dev": {
                "jeremeamia/superclosure": "1.0.*",
                "mockery/mockery": "0.9.*",
                "patchwork/utf8": "1.1.*",
                "phpunit/phpunit": "3.7.*"
            },
            "type": "library",
            "extra": {
                "branch-alias": {
                    "dev-master": "4.1-dev"
                }
            },
            "autoload": {
                "psr-0": {
                    "Illuminate\\Support": ""
                },
                "files": [
                    "Illuminate/Support/helpers.php"
                ]
            },
            "notification-url": "https://packagist.org/downloads/",
            "license": [
                "MIT"
            ],
            "authors": [
                {
                    "name": "Taylor Otwell",
                    "email": "taylorotwell@gmail.com",
                    "homepage": "https://github.com/taylorotwell",
                    "role": "Developer"
                }
            ],
            "time": "2014-02-27 21:11:13"
        },
        {
            "name": "illuminate/validation",
            "version": "v4.1.23",
            "target-dir": "Illuminate/Validation",
            "source": {
                "type": "git",
                "url": "https://github.com/illuminate/validation.git",
                "reference": "fd8f7ca0dc536decc688230d121d104a1266967e"
            },
            "dist": {
                "type": "zip",
                "url": "https://api.github.com/repos/illuminate/validation/zipball/fd8f7ca0dc536decc688230d121d104a1266967e",
                "reference": "fd8f7ca0dc536decc688230d121d104a1266967e",
                "shasum": ""
            },
            "require": {
                "illuminate/container": "4.1.*",
                "illuminate/support": "4.1.*",
                "php": ">=5.3.0",
                "symfony/http-foundation": "2.4.*",
                "symfony/translation": "2.4.*"
            },
            "require-dev": {
                "illuminate/database": "4.1.*",
                "mockery/mockery": "0.9.*",
                "phpunit/phpunit": "3.7.*"
            },
            "type": "library",
            "extra": {
                "branch-alias": {
                    "dev-master": "4.1-dev"
                }
            },
            "autoload": {
                "psr-0": {
                    "Illuminate\\Validation": ""
                }
            },
            "notification-url": "https://packagist.org/downloads/",
            "license": [
                "MIT"
            ],
            "authors": [
                {
                    "name": "Taylor Otwell",
                    "email": "taylorotwell@gmail.com",
                    "homepage": "https://github.com/taylorotwell",
                    "role": "Developer"
                }
            ],
            "time": "2014-02-27 20:48:36"
        },
        {
            "name": "nesbot/carbon",
            "version": "1.8.0",
            "source": {
                "type": "git",
                "url": "https://github.com/briannesbitt/Carbon.git",
                "reference": "21c4cb4301969c7d85aee8a62eefdfa881413af0"
            },
            "dist": {
                "type": "zip",
                "url": "https://api.github.com/repos/briannesbitt/Carbon/zipball/21c4cb4301969c7d85aee8a62eefdfa881413af0",
                "reference": "21c4cb4301969c7d85aee8a62eefdfa881413af0",
                "shasum": ""
            },
            "require": {
                "php": ">=5.3.0"
            },
            "require-dev": {
                "phpunit/phpunit": "3.7.*"
            },
            "type": "library",
            "autoload": {
                "psr-0": {
                    "Carbon": "src"
                }
            },
            "notification-url": "https://packagist.org/downloads/",
            "license": [
                "MIT"
            ],
            "authors": [
                {
                    "name": "Brian Nesbitt",
                    "email": "brian@nesbot.com",
                    "homepage": "http://nesbot.com"
                }
            ],
            "description": "A simple API extension for DateTime.",
            "homepage": "https://github.com/briannesbitt/Carbon",
            "keywords": [
                "date",
                "datetime",
                "time"
            ],
            "time": "2014-01-07 05:10:44"
        },
        {
            "name": "slim/slim",
            "version": "2.4.2",
            "source": {
                "type": "git",
                "url": "https://github.com/codeguy/Slim.git",
                "reference": "3a2ac723f17b5d81607287ff28575d38b9fbc70e"
            },
            "dist": {
                "type": "zip",
                "url": "https://api.github.com/repos/codeguy/Slim/zipball/3a2ac723f17b5d81607287ff28575d38b9fbc70e",
                "reference": "3a2ac723f17b5d81607287ff28575d38b9fbc70e",
                "shasum": ""
            },
            "require": {
                "php": ">=5.3.0"
            },
            "suggest": {
                "ext-mcrypt": "Required for HTTP cookie encryption"
            },
            "type": "library",
            "autoload": {
                "psr-0": {
                    "Slim": "."
                }
            },
            "notification-url": "https://packagist.org/downloads/",
            "license": [
                "MIT"
            ],
            "authors": [
                {
                    "name": "Josh Lockhart",
                    "email": "info@joshlockhart.com",
                    "homepage": "http://www.joshlockhart.com/"
                }
            ],
            "description": "Slim Framework, a PHP micro framework",
            "homepage": "http://github.com/codeguy/Slim",
            "keywords": [
                "microframework",
                "rest",
                "router"
            ],
            "time": "2014-02-16 18:18:25"
        },
        {
            "name": "slim/views",
            "version": "0.1.1",
            "target-dir": "Slim/Views",
            "source": {
                "type": "git",
                "url": "https://github.com/codeguy/Slim-Views.git",
                "reference": "8c7e0f3067e5e10b7b4ca98f29bdef8d5cfe5371"
            },
            "dist": {
                "type": "zip",
                "url": "https://api.github.com/repos/codeguy/Slim-Views/zipball/8c7e0f3067e5e10b7b4ca98f29bdef8d5cfe5371",
                "reference": "8c7e0f3067e5e10b7b4ca98f29bdef8d5cfe5371",
                "shasum": ""
            },
            "require": {
                "php": ">=5.3.0",
                "slim/slim": ">=2.4.0"
            },
            "suggest": {
                "smarty/smarty": "Smarty templating system",
                "twig/twig": "Twig templating system"
            },
            "type": "library",
            "autoload": {
                "psr-0": {
                    "Slim\\Views": ""
                }
            },
            "notification-url": "https://packagist.org/downloads/",
            "license": [
                "MIT"
            ],
            "authors": [
                {
                    "name": "Andrew Smith",
                    "email": "a.smith@silentworks.co.uk",
                    "homepage": "http://thoughts.silentworks.co.uk/"
                },
                {
                    "name": "Josh Lockhart",
                    "email": "info@joshlockhart.com",
                    "homepage": "http://www.joshlockhart.com/"
                }
            ],
            "description": "Smarty and Twig View Parser package for the Slim Framework",
            "homepage": "http://github.com/codeguy/Slim-Views",
            "keywords": [
                "extensions",
                "slimphp",
                "templating"
            ],
            "time": "2013-12-08 10:18:35"
        },
        {
            "name": "symfony/http-foundation",
            "version": "v2.4.2",
            "target-dir": "Symfony/Component/HttpFoundation",
            "source": {
                "type": "git",
                "url": "https://github.com/symfony/HttpFoundation.git",
                "reference": "cdee7c84ba8b2a8aafa1c055f5cb4f640d81c129"
            },
            "dist": {
                "type": "zip",
                "url": "https://api.github.com/repos/symfony/HttpFoundation/zipball/cdee7c84ba8b2a8aafa1c055f5cb4f640d81c129",
                "reference": "cdee7c84ba8b2a8aafa1c055f5cb4f640d81c129",
                "shasum": ""
            },
            "require": {
                "php": ">=5.3.3"
            },
            "type": "library",
            "extra": {
                "branch-alias": {
                    "dev-master": "2.4-dev"
                }
            },
            "autoload": {
                "psr-0": {
                    "Symfony\\Component\\HttpFoundation\\": ""
                },
                "classmap": [
                    "Symfony/Component/HttpFoundation/Resources/stubs"
                ]
            },
            "notification-url": "https://packagist.org/downloads/",
            "license": [
                "MIT"
            ],
            "authors": [
                {
                    "name": "Fabien Potencier",
                    "email": "fabien@symfony.com",
                    "homepage": "http://fabien.potencier.org",
                    "role": "Lead Developer"
                },
                {
                    "name": "Symfony Community",
                    "homepage": "http://symfony.com/contributors"
                }
            ],
            "description": "Symfony HttpFoundation Component",
            "homepage": "http://symfony.com",
            "time": "2014-02-11 15:39:28"
        },
        {
            "name": "symfony/translation",
            "version": "v2.4.2",
            "target-dir": "Symfony/Component/Translation",
            "source": {
                "type": "git",
                "url": "https://github.com/symfony/Translation.git",
                "reference": "b00fd07417e493e08488e87bcebeb9681fc7323b"
            },
            "dist": {
                "type": "zip",
                "url": "https://api.github.com/repos/symfony/Translation/zipball/b00fd07417e493e08488e87bcebeb9681fc7323b",
                "reference": "b00fd07417e493e08488e87bcebeb9681fc7323b",
                "shasum": ""
            },
            "require": {
                "php": ">=5.3.3"
            },
            "require-dev": {
                "symfony/config": "~2.0",
                "symfony/yaml": "~2.2"
            },
            "suggest": {
                "symfony/config": "",
                "symfony/yaml": ""
            },
            "type": "library",
            "extra": {
                "branch-alias": {
                    "dev-master": "2.4-dev"
                }
            },
            "autoload": {
                "psr-0": {
                    "Symfony\\Component\\Translation\\": ""
                }
            },
            "notification-url": "https://packagist.org/downloads/",
            "license": [
                "MIT"
            ],
            "authors": [
                {
                    "name": "Fabien Potencier",
                    "email": "fabien@symfony.com",
                    "homepage": "http://fabien.potencier.org",
                    "role": "Lead Developer"
                },
                {
                    "name": "Symfony Community",
                    "homepage": "http://symfony.com/contributors"
                }
            ],
            "description": "Symfony Translation Component",
            "homepage": "http://symfony.com",
            "time": "2014-02-03 17:15:33"
        },
        {
            "name": "twig/twig",
            "version": "v1.15.1",
            "source": {
                "type": "git",
                "url": "https://github.com/fabpot/Twig.git",
                "reference": "1fb5784662f438d7d96a541e305e28b812e2eeed"
            },
            "dist": {
                "type": "zip",
                "url": "https://api.github.com/repos/fabpot/Twig/zipball/1fb5784662f438d7d96a541e305e28b812e2eeed",
                "reference": "1fb5784662f438d7d96a541e305e28b812e2eeed",
                "shasum": ""
            },
            "require": {
                "php": ">=5.2.4"
            },
            "type": "library",
            "extra": {
                "branch-alias": {
                    "dev-master": "1.15-dev"
                }
            },
            "autoload": {
                "psr-0": {
                    "Twig_": "lib/"
                }
            },
            "notification-url": "https://packagist.org/downloads/",
            "license": [
                "BSD-3-Clause"
            ],
            "authors": [
                {
                    "name": "Fabien Potencier",
                    "email": "fabien@symfony.com",
                    "homepage": "http://fabien.potencier.org",
                    "role": "Lead Developer"
                },
                {
                    "name": "Armin Ronacher",
                    "email": "armin.ronacher@active-4.com",
                    "role": "Project Founder"
                },
                {
                    "name": "Twig Team",
                    "homepage": "https://github.com/fabpot/Twig/graphs/contributors",
                    "role": "Contributors"
                }
            ],
            "description": "Twig, the flexible, fast, and secure template language for PHP",
            "homepage": "http://twig.sensiolabs.org",
            "keywords": [
                "templating"
            ],
            "time": "2014-02-13 10:19:29"
        }
    ],
    "packages-dev": [

    ],
    "aliases": [

    ],
    "minimum-stability": "stable",
    "stability-flags": [

    ],
    "platform": {
        "php": ">=5.3.0"
    },
    "platform-dev": [

    ]
}
